{
  "name": "Kohoutek",
  "lockfileVersion": 2,
  "requires": true,
  "packages": {
    "": {
      "dependencies": {
        "uikit": "^3.5.9"
      }
    },
    "node_modules/uikit": {
      "version": "3.5.9",
      "resolved": "https://registry.npmjs.org/uikit/-/uikit-3.5.9.tgz",
      "integrity": "sha512-0197WceeBMlCLscsmds6zqL8K3TOtdUCvoHPJEuYqYY2gKa7JttlA6MiyzU0yBPzDlcawXF2TdOmQ/DWy6ZDEw=="
    }
  },
  "dependencies": {
    "uikit": {
      "version": "3.5.9",
      "resolved": "https://registry.npmjs.org/uikit/-/uikit-3.5.9.tgz",
      "integrity": "sha512-0197WceeBMlCLscsmds6zqL8K3TOtdUCvoHPJEuYqYY2gKa7JttlA6MiyzU0yBPzDlcawXF2TdOmQ/DWy6ZDEw=="
    }
  }
}
